// !$*UTF8*$!
{
	archiveVersion = 1;
	classes = {
	};
	objectVersion = 46;
	objects = {

/* Begin PBXBuildFile section */
		05111F1C161E04EC00450A72 /* Localizable.strings in Resources */ = {isa = PBXBuildFile; fileRef = 05111F1E161E04EC00450A72 /* Localizable.strings */; };
		05111F21161E08A100450A72 /* MainViewController.xib in Resources */ = {isa = PBXBuildFile; fileRef = 05111F23161E08A100450A72 /* MainViewController.xib */; };
		05111F25161E0B4A00450A72 /* SelectedPersonViewController.xib in Resources */ = {isa = PBXBuildFile; fileRef = 05111F27161E0B4A00450A72 /* SelectedPersonViewController.xib */; };
		05111F29161E0D3800450A72 /* InfoViewController.xib in Resources */ = {isa = PBXBuildFile; fileRef = 05111F2B161E0D3800450A72 /* InfoViewController.xib */; };
		05111F30161E0FBB00450A72 /* Status.m in Sources */ = {isa = PBXBuildFile; fileRef = 05111F2E161E0F2500450A72 /* Status.m */; };
		05943531161D981400D6516E /* UIKit.framework in Frameworks */ = {isa = PBXBuildFile; fileRef = 05943530161D981400D6516E /* UIKit.framework */; };
		05943533161D981400D6516E /* Foundation.framework in Frameworks */ = {isa = PBXBuildFile; fileRef = 05943532161D981400D6516E /* Foundation.framework */; };
		05943535161D981400D6516E /* CoreGraphics.framework in Frameworks */ = {isa = PBXBuildFile; fileRef = 05943534161D981400D6516E /* CoreGraphics.framework */; };
		05943537161D981400D6516E /* CoreData.framework in Frameworks */ = {isa = PBXBuildFile; fileRef = 05943536161D981400D6516E /* CoreData.framework */; };
		0594353D161D981400D6516E /* InfoPlist.strings in Resources */ = {isa = PBXBuildFile; fileRef = 0594353B161D981400D6516E /* InfoPlist.strings */; };
		0594353F161D981400D6516E /* main.m in Sources */ = {isa = PBXBuildFile; fileRef = 0594353E161D981400D6516E /* main.m */; };
		05943543161D981400D6516E /* AppDelegate.m in Sources */ = {isa = PBXBuildFile; fileRef = 05943542161D981400D6516E /* AppDelegate.m */; };
		05943545161D981400D6516E /* Default.png in Resources */ = {isa = PBXBuildFile; fileRef = 05943544161D981400D6516E /* Default.png */; };
		05943547161D981400D6516E /* Default@2x.png in Resources */ = {isa = PBXBuildFile; fileRef = 05943546161D981400D6516E /* Default@2x.png */; };
		05943549161D981400D6516E /* Default-568h@2x.png in Resources */ = {isa = PBXBuildFile; fileRef = 05943548161D981400D6516E /* Default-568h@2x.png */; };
		0594354C161D981400D6516E /* GoodBeansTask.xcdatamodeld in Sources */ = {isa = PBXBuildFile; fileRef = 0594354A161D981400D6516E /* GoodBeansTask.xcdatamodeld */; };
		05943555161D989100D6516E /* MainViewController.m in Sources */ = {isa = PBXBuildFile; fileRef = 05943553161D989100D6516E /* MainViewController.m */; };
		05943559161D99F800D6516E /* Person.m in Sources */ = {isa = PBXBuildFile; fileRef = 05943558161D99F800D6516E /* Person.m */; };
		0594355D161D9AC200D6516E /* InfoViewController.m in Sources */ = {isa = PBXBuildFile; fileRef = 0594355B161D9AC200D6516E /* InfoViewController.m */; };
		05943562161D9AD700D6516E /* PersonListViewController.m in Sources */ = {isa = PBXBuildFile; fileRef = 05943560161D9AD700D6516E /* PersonListViewController.m */; };
		05943563161D9AD700D6516E /* PersonListViewController.xib in Resources */ = {isa = PBXBuildFile; fileRef = 05943561161D9AD700D6516E /* PersonListViewController.xib */; };
		05943568161DB1F200D6516E /* SelectedPersonViewController.m in Sources */ = {isa = PBXBuildFile; fileRef = 05943566161DB1F100D6516E /* SelectedPersonViewController.m */; };
/* End PBXBuildFile section */

/* Begin PBXFileReference section */
		05111F1D161E04EC00450A72 /* en */ = {isa = PBXFileReference; lastKnownFileType = text.plist.strings; name = en; path = en.lproj/Localizable.strings; sourceTree = "<group>"; };
		05111F20161E057F00450A72 /* de */ = {isa = PBXFileReference; lastKnownFileType = text.plist.strings; name = de; path = de.lproj/Localizable.strings; sourceTree = "<group>"; };
		05111F22161E08A100450A72 /* en */ = {isa = PBXFileReference; lastKnownFileType = file.xib; name = en; path = en.lproj/MainViewController.xib; sourceTree = "<group>"; };
		05111F24161E08AF00450A72 /* de */ = {isa = PBXFileReference; lastKnownFileType = file.xib; name = de; path = de.lproj/MainViewController.xib; sourceTree = "<group>"; };
		05111F26161E0B4A00450A72 /* en */ = {isa = PBXFileReference; lastKnownFileType = file.xib; name = en; path = en.lproj/SelectedPersonViewController.xib; sourceTree = "<group>"; };
		05111F28161E0B5000450A72 /* de */ = {isa = PBXFileReference; lastKnownFileType = file.xib; name = de; path = de.lproj/SelectedPersonViewController.xib; sourceTree = "<group>"; };
		05111F2A161E0D3800450A72 /* en */ = {isa = PBXFileReference; lastKnownFileType = file.xib; name = en; path = en.lproj/InfoViewController.xib; sourceTree = "<group>"; };
		05111F2C161E0D3F00450A72 /* de */ = {isa = PBXFileReference; lastKnownFileType = file.xib; name = de; path = de.lproj/InfoViewController.xib; sourceTree = "<group>"; };
		05111F2D161E0F2500450A72 /* Status.h */ = {isa = PBXFileReference; fileEncoding = 4; lastKnownFileType = sourcecode.c.h; path = Status.h; sourceTree = "<group>"; };
		05111F2E161E0F2500450A72 /* Status.m */ = {isa = PBXFileReference; fileEncoding = 4; lastKnownFileType = sourcecode.c.objc; path = Status.m; sourceTree = "<group>"; };
		0594352C161D981400D6516E /* GoodBeansTask.app */ = {isa = PBXFileReference; explicitFileType = wrapper.application; includeInIndex = 0; path = GoodBeansTask.app; sourceTree = BUILT_PRODUCTS_DIR; };
		05943530161D981400D6516E /* UIKit.framework */ = {isa = PBXFileReference; lastKnownFileType = wrapper.framework; name = UIKit.framework; path = System/Library/Frameworks/UIKit.framework; sourceTree = SDKROOT; };
		05943532161D981400D6516E /* Foundation.framework */ = {isa = PBXFileReference; lastKnownFileType = wrapper.framework; name = Foundation.framework; path = System/Library/Frameworks/Foundation.framework; sourceTree = SDKROOT; };
		05943534161D981400D6516E /* CoreGraphics.framework */ = {isa = PBXFileReference; lastKnownFileType = wrapper.framework; name = CoreGraphics.framework; path = System/Library/Frameworks/CoreGraphics.framework; sourceTree = SDKROOT; };
		05943536161D981400D6516E /* CoreData.framework */ = {isa = PBXFileReference; lastKnownFileType = wrapper.framework; name = CoreData.framework; path = System/Library/Frameworks/CoreData.framework; sourceTree = SDKROOT; };
		0594353A161D981400D6516E /* GoodBeansTask-Info.plist */ = {isa = PBXFileReference; lastKnownFileType = text.plist.xml; path = "GoodBeansTask-Info.plist"; sourceTree = "<group>"; };
		0594353C161D981400D6516E /* en */ = {isa = PBXFileReference; lastKnownFileType = text.plist.strings; name = en; path = en.lproj/InfoPlist.strings; sourceTree = "<group>"; };
		0594353E161D981400D6516E /* main.m */ = {isa = PBXFileReference; lastKnownFileType = sourcecode.c.objc; path = main.m; sourceTree = "<group>"; };
		05943540161D981400D6516E /* GoodBeansTask-Prefix.pch */ = {isa = PBXFileReference; lastKnownFileType = sourcecode.c.h; path = "GoodBeansTask-Prefix.pch"; sourceTree = "<group>"; };
		05943541161D981400D6516E /* AppDelegate.h */ = {isa = PBXFileReference; lastKnownFileType = sourcecode.c.h; path = AppDelegate.h; sourceTree = "<group>"; };
		05943542161D981400D6516E /* AppDelegate.m */ = {isa = PBXFileReference; lastKnownFileType = sourcecode.c.objc; path = AppDelegate.m; sourceTree = "<group>"; };
		05943544161D981400D6516E /* Default.png */ = {isa = PBXFileReference; lastKnownFileType = image.png; path = Default.png; sourceTree = "<group>"; };
		05943546161D981400D6516E /* Default@2x.png */ = {isa = PBXFileReference; lastKnownFileType = image.png; path = "Default@2x.png"; sourceTree = "<group>"; };
		05943548161D981400D6516E /* Default-568h@2x.png */ = {isa = PBXFileReference; lastKnownFileType = image.png; path = "Default-568h@2x.png"; sourceTree = "<group>"; };
		0594354B161D981400D6516E /* GoodBeansTask.xcdatamodel */ = {isa = PBXFileReference; lastKnownFileType = wrapper.xcdatamodel; path = GoodBeansTask.xcdatamodel; sourceTree = "<group>"; };
		05943552161D989100D6516E /* MainViewController.h */ = {isa = PBXFileReference; fileEncoding = 4; lastKnownFileType = sourcecode.c.h; path = MainViewController.h; sourceTree = "<group>"; };
		05943553161D989100D6516E /* MainViewController.m */ = {isa = PBXFileReference; fileEncoding = 4; lastKnownFileType = sourcecode.c.objc; path = MainViewController.m; sourceTree = "<group>"; };
		05943557161D99F800D6516E /* Person.h */ = {isa = PBXFileReference; fileEncoding = 4; lastKnownFileType = sourcecode.c.h; path = Person.h; sourceTree = "<group>"; };
		05943558161D99F800D6516E /* Person.m */ = {isa = PBXFileReference; fileEncoding = 4; lastKnownFileType = sourcecode.c.objc; path = Person.m; sourceTree = "<group>"; };
		0594355A161D9AC200D6516E /* InfoViewController.h */ = {isa = PBXFileReference; fileEncoding = 4; lastKnownFileType = sourcecode.c.h; path = InfoViewController.h; sourceTree = "<group>"; };
		0594355B161D9AC200D6516E /* InfoViewController.m */ = {isa = PBXFileReference; fileEncoding = 4; lastKnownFileType = sourcecode.c.objc; path = InfoViewController.m; sourceTree = "<group>"; };
		0594355F161D9AD700D6516E /* PersonListViewController.h */ = {isa = PBXFileReference; fileEncoding = 4; lastKnownFileType = sourcecode.c.h; path = PersonListViewController.h; sourceTree = "<group>"; };
		05943560161D9AD700D6516E /* PersonListViewController.m */ = {isa = PBXFileReference; fileEncoding = 4; lastKnownFileType = sourcecode.c.objc; path = PersonListViewController.m; sourceTree = "<group>"; };
		05943561161D9AD700D6516E /* PersonListViewController.xib */ = {isa = PBXFileReference; fileEncoding = 4; lastKnownFileType = file.xib; path = PersonListViewController.xib; sourceTree = "<group>"; };
		05943565161DB1F100D6516E /* SelectedPersonViewController.h */ = {isa = PBXFileReference; fileEncoding = 4; lastKnownFileType = sourcecode.c.h; path = SelectedPersonViewController.h; sourceTree = "<group>"; };
		05943566161DB1F100D6516E /* SelectedPersonViewController.m */ = {isa = PBXFileReference; fileEncoding = 4; lastKnownFileType = sourcecode.c.objc; path = SelectedPersonViewController.m; sourceTree = "<group>"; };
/* End PBXFileReference section */

/* Begin PBXFrameworksBuildPhase section */
		05943529161D981400D6516E /* Frameworks */ = {
			isa = PBXFrameworksBuildPhase;
			buildActionMask = 2147483647;
			files = (
				05943531161D981400D6516E /* UIKit.framework in Frameworks */,
				05943533161D981400D6516E /* Foundation.framework in Frameworks */,
				05943535161D981400D6516E /* CoreGraphics.framework in Frameworks */,
				05943537161D981400D6516E /* CoreData.framework in Frameworks */,
			);
			runOnlyForDeploymentPostprocessing = 0;
		};
/* End PBXFrameworksBuildPhase section */

/* Begin PBXGroup section */
		05943521161D981400D6516E = {
			isa = PBXGroup;
			children = (
				05943538161D981400D6516E /* GoodBeansTask */,
				0594352F161D981400D6516E /* Frameworks */,
				0594352D161D981400D6516E /* Products */,
			);
			sourceTree = "<group>";
		};
		0594352D161D981400D6516E /* Products */ = {
			isa = PBXGroup;
			children = (
				0594352C161D981400D6516E /* GoodBeansTask.app */,
			);
			name = Products;
			sourceTree = "<group>";
		};
		0594352F161D981400D6516E /* Frameworks */ = {
			isa = PBXGroup;
			children = (
				05943530161D981400D6516E /* UIKit.framework */,
				05943532161D981400D6516E /* Foundation.framework */,
				05943534161D981400D6516E /* CoreGraphics.framework */,
				05943536161D981400D6516E /* CoreData.framework */,
			);
			name = Frameworks;
			sourceTree = "<group>";
		};
		05943538161D981400D6516E /* GoodBeansTask */ = {
			isa = PBXGroup;
			children = (
				05943564161DA17F00D6516E /* Entities */,
				05943541161D981400D6516E /* AppDelegate.h */,
				05943542161D981400D6516E /* AppDelegate.m */,
				0594354A161D981400D6516E /* GoodBeansTask.xcdatamodeld */,
				05943539161D981400D6516E /* Supporting Files */,
				05943552161D989100D6516E /* MainViewController.h */,
				05943553161D989100D6516E /* MainViewController.m */,
				05111F23161E08A100450A72 /* MainViewController.xib */,
				0594355A161D9AC200D6516E /* InfoViewController.h */,
				0594355B161D9AC200D6516E /* InfoViewController.m */,
				05111F2B161E0D3800450A72 /* InfoViewController.xib */,
				0594355F161D9AD700D6516E /* PersonListViewController.h */,
				05943560161D9AD700D6516E /* PersonListViewController.m */,
				05943561161D9AD700D6516E /* PersonListViewController.xib */,
				05943565161DB1F100D6516E /* SelectedPersonViewController.h */,
				05943566161DB1F100D6516E /* SelectedPersonViewController.m */,
				05111F27161E0B4A00450A72 /* SelectedPersonViewController.xib */,
				05111F1E161E04EC00450A72 /* Localizable.strings */,
			);
			path = GoodBeansTask;
			sourceTree = "<group>";
		};
		05943539161D981400D6516E /* Supporting Files */ = {
			isa = PBXGroup;
			children = (
				0594353A161D981400D6516E /* GoodBeansTask-Info.plist */,
				0594353B161D981400D6516E /* InfoPlist.strings */,
				0594353E161D981400D6516E /* main.m */,
				05943540161D981400D6516E /* GoodBeansTask-Prefix.pch */,
				05943544161D981400D6516E /* Default.png */,
				05943546161D981400D6516E /* Default@2x.png */,
				05943548161D981400D6516E /* Default-568h@2x.png */,
			);
			name = "Supporting Files";
			sourceTree = "<group>";
		};
		05943564161DA17F00D6516E /* Entities */ = {
			isa = PBXGroup;
			children = (
				05111F2D161E0F2500450A72 /* Status.h */,
				05111F2E161E0F2500450A72 /* Status.m */,
				05943557161D99F800D6516E /* Person.h */,
				05943558161D99F800D6516E /* Person.m */,
			);
			name = Entities;
			sourceTree = "<group>";
		};
/* End PBXGroup section */

/* Begin PBXNativeTarget section */
		0594352B161D981400D6516E /* GoodBeansTask */ = {
			isa = PBXNativeTarget;
			buildConfigurationList = 0594354F161D981400D6516E /* Build configuration list for PBXNativeTarget "GoodBeansTask" */;
			buildPhases = (
				05943528161D981400D6516E /* Sources */,
				05943529161D981400D6516E /* Frameworks */,
				0594352A161D981400D6516E /* Resources */,
			);
			buildRules = (
			);
			dependencies = (
			);
			name = GoodBeansTask;
			productName = GoodBeansTask;
			productReference = 0594352C161D981400D6516E /* GoodBeansTask.app */;
			productType = "com.apple.product-type.application";
		};
/* End PBXNativeTarget section */

/* Begin PBXProject section */
		05943523161D981400D6516E /* Project object */ = {
			isa = PBXProject;
			attributes = {
				LastUpgradeCheck = 0450;
				ORGANIZATIONNAME = "Michal Thompson";
			};
			buildConfigurationList = 05943526161D981400D6516E /* Build configuration list for PBXProject "GoodBeansTask" */;
			compatibilityVersion = "Xcode 3.2";
			developmentRegion = English;
			hasScannedForEncodings = 0;
			knownRegions = (
				en,
				de,
			);
			mainGroup = 05943521161D981400D6516E;
			productRefGroup = 0594352D161D981400D6516E /* Products */;
			projectDirPath = "";
			projectRoot = "";
			targets = (
				0594352B161D981400D6516E /* GoodBeansTask */,
			);
		};
/* End PBXProject section */

/* Begin PBXResourcesBuildPhase section */
		0594352A161D981400D6516E /* Resources */ = {
			isa = PBXResourcesBuildPhase;
			buildActionMask = 2147483647;
			files = (
				0594353D161D981400D6516E /* InfoPlist.strings in Resources */,
				05943545161D981400D6516E /* Default.png in Resources */,
				05943547161D981400D6516E /* Default@2x.png in Resources */,
				05943549161D981400D6516E /* Default-568h@2x.png in Resources */,
				05111F21161E08A100450A72 /* MainViewController.xib in Resources */,
				05111F29161E0D3800450A72 /* InfoViewController.xib in Resources */,
				05943563161D9AD700D6516E /* PersonListViewController.xib in Resources */,
				05111F25161E0B4A00450A72 /* SelectedPersonViewController.xib in Resources */,
				05111F1C161E04EC00450A72 /* Localizable.strings in Resources */,
			);
			runOnlyForDeploymentPostprocessing = 0;
		};
/* End PBXResourcesBuildPhase section */

/* Begin PBXSourcesBuildPhase section */
		05943528161D981400D6516E /* Sources */ = {
			isa = PBXSourcesBuildPhase;
			buildActionMask = 2147483647;
			files = (
				05111F30161E0FBB00450A72 /* Status.m in Sources */,
				0594353F161D981400D6516E /* main.m in Sources */,
				05943543161D981400D6516E /* AppDelegate.m in Sources */,
				0594354C161D981400D6516E /* GoodBeansTask.xcdatamodeld in Sources */,
				05943555161D989100D6516E /* MainViewController.m in Sources */,
				05943559161D99F800D6516E /* Person.m in Sources */,
				0594355D161D9AC200D6516E /* InfoViewController.m in Sources */,
				05943562161D9AD700D6516E /* PersonListViewController.m in Sources */,
				05943568161DB1F200D6516E /* SelectedPersonViewController.m in Sources */,
			);
			runOnlyForDeploymentPostprocessing = 0;
		};
/* End PBXSourcesBuildPhase section */

/* Begin PBXVariantGroup section */
		05111F1E161E04EC00450A72 /* Localizable.strings */ = {
			isa = PBXVariantGroup;
			children = (
				05111F1D161E04EC00450A72 /* en */,
				05111F20161E057F00450A72 /* de */,
			);
			name = Localizable.strings;
			sourceTree = "<group>";
		};
		05111F23161E08A100450A72 /* MainViewController.xib */ = {
			isa = PBXVariantGroup;
			children = (
				05111F22161E08A100450A72 /* en */,
				05111F24161E08AF00450A72 /* de */,
			);
			name = MainViewController.xib;
			sourceTree = "<group>";
		};
		05111F27161E0B4A00450A72 /* SelectedPersonViewController.xib */ = {
			isa = PBXVariantGroup;
			children = (
				05111F26161E0B4A00450A72 /* en */,
				05111F28161E0B5000450A72 /* de */,
			);
			name = SelectedPersonViewController.xib;
			sourceTree = "<group>";
		};
		05111F2B161E0D3800450A72 /* InfoViewController.xib */ = {
			isa = PBXVariantGroup;
			children = (
				05111F2A161E0D3800450A72 /* en */,
				05111F2C161E0D3F00450A72 /* de */,
			);
			name = InfoViewController.xib;
			sourceTree = "<group>";
		};
		0594353B161D981400D6516E /* InfoPlist.strings */ = {
			isa = PBXVariantGroup;
			children = (
				0594353C161D981400D6516E /* en */,
			);
			name = InfoPlist.strings;
			sourceTree = "<group>";
		};
/* End PBXVariantGroup section */

/* Begin XCBuildConfiguration section */
		0594354D161D981400D6516E /* Debug */ = {
			isa = XCBuildConfiguration;
			buildSettings = {
				ALWAYS_SEARCH_USER_PATHS = NO;
				CLANG_CXX_LANGUAGE_STANDARD = "gnu++0x";
				CLANG_CXX_LIBRARY = "libc++";
				CLANG_WARN_EMPTY_BODY = YES;
				CLANG_WARN__DUPLICATE_METHOD_MATCH = YES;
				"CODE_SIGN_IDENTITY[sdk=iphoneos*]" = "iPhone Developer";
				COPY_PHASE_STRIP = NO;
				GCC_C_LANGUAGE_STANDARD = gnu99;
				GCC_DYNAMIC_NO_PIC = NO;
				GCC_OPTIMIZATION_LEVEL = 0;
				GCC_PREPROCESSOR_DEFINITIONS = (
					"DEBUG=1",
					"$(inherited)",
				);
				GCC_SYMBOLS_PRIVATE_EXTERN = NO;
				GCC_WARN_ABOUT_RETURN_TYPE = YES;
				GCC_WARN_UNINITIALIZED_AUTOS = YES;
				GCC_WARN_UNUSED_VARIABLE = YES;
				IPHONEOS_DEPLOYMENT_TARGET = 5.1;
				SDKROOT = iphoneos;
				TARGETED_DEVICE_FAMILY = "1,2";
			};
			name = Debug;
		};
		0594354E161D981400D6516E /* Release */ = {
			isa = XCBuildConfiguration;
			buildSettings = {
				ALWAYS_SEARCH_USER_PATHS = NO;
				CLANG_CXX_LANGUAGE_STANDARD = "gnu++0x";
				CLANG_CXX_LIBRARY = "libc++";
				CLANG_WARN_EMPTY_BODY = YES;
				CLANG_WARN__DUPLICATE_METHOD_MATCH = YES;
				"CODE_SIGN_IDENTITY[sdk=iphoneos*]" = "iPhone Developer";
				COPY_PHASE_STRIP = YES;
				GCC_C_LANGUAGE_STANDARD = gnu99;
				GCC_WARN_ABOUT_RETURN_TYPE = YES;
				GCC_WARN_UNINITIALIZED_AUTOS = YES;
				GCC_WARN_UNUSED_VARIABLE = YES;
				IPHONEOS_DEPLOYMENT_TARGET = 5.1;
				OTHER_CFLAGS = "-DNS_BLOCK_ASSERTIONS=1";
				SDKROOT = iphoneos;
				TARGETED_DEVICE_FAMILY = "1,2";
				VALIDATE_PRODUCT = YES;
			};
			name = Release;
		};
		05943550161D981400D6516E /* Debug */ = {
			isa = XCBuildConfiguration;
			buildSettings = {
				GCC_PRECOMPILE_PREFIX_HEADER = YES;
				GCC_PREFIX_HEADER = "GoodBeansTask/GoodBeansTask-Prefix.pch";
				INFOPLIST_FILE = "GoodBeansTask/GoodBeansTask-Info.plist";
				IPHONEOS_DEPLOYMENT_TARGET = 5.1;
				PRODUCT_NAME = "$(TARGET_NAME)";
				WRAPPER_EXTENSION = app;
			};
			name = Debug;
		};
		05943551161D981400D6516E /* Release */ = {
			isa = XCBuildConfiguration;
			buildSettings = {
				GCC_PRECOMPILE_PREFIX_HEADER = YES;
				GCC_PREFIX_HEADER = "GoodBeansTask/GoodBeansTask-Prefix.pch";
				INFOPLIST_FILE = "GoodBeansTask/GoodBeansTask-Info.plist";
				IPHONEOS_DEPLOYMENT_TARGET = 5.1;
				PRODUCT_NAME = "$(TARGET_NAME)";
				WRAPPER_EXTENSION = app;
			};
			name = Release;
		};
/* End XCBuildConfiguration section */

/* Begin XCConfigurationList section */
		05943526161D981400D6516E /* Build configuration list for PBXProject "GoodBeansTask" */ = {
			isa = XCConfigurationList;
			buildConfigurations = (
				0594354D161D981400D6516E /* Debug */,
				0594354E161D981400D6516E /* Release */,
			);
			defaultConfigurationIsVisible = 0;
			defaultConfigurationName = Release;
		};
		0594354F161D981400D6516E /* Build configuration list for PBXNativeTarget "GoodBeansTask" */ = {
			isa = XCConfigurationList;
			buildConfigurations = (
				05943550161D981400D6516E /* Debug */,
				05943551161D981400D6516E /* Release */,
			);
			defaultConfigurationIsVisible = 0;
			defaultConfigurationName = Release;
		};
/* End XCConfigurationList section */

/* Begin XCVersionGroup section */
		0594354A161D981400D6516E /* GoodBeansTask.xcdatamodeld */ = {
			isa = XCVersionGroup;
			children = (
				0594354B161D981400D6516E /* GoodBeansTask.xcdatamodel */,
			);
			currentVersion = 0594354B161D981400D6516E /* GoodBeansTask.xcdatamodel */;
			path = GoodBeansTask.xcdatamodeld;
			sourceTree = "<group>";
			versionGroupType = wrapper.xcdatamodel;
		};
/* End XCVersionGroup section */
	};
	rootObject = 05943523161D981400D6516E /* Project object */;
}
